PODS:
  - FBSDKCoreKit (5.6.0):
    - FBSDKCoreKit/Basics (= 5.6.0)
    - FBSDKCoreKit/Core (= 5.6.0)
  - FBSDKCoreKit/Basics (5.6.0)
  - FBSDKCoreKit/Core (5.6.0):
    - FBSDKCoreKit/Basics
  - FBSDKLoginKit (5.6.0):
    - FBSDKLoginKit/Login (= 5.6.0)
  - FBSDKLoginKit/Login (5.6.0):
    - FBSDKCoreKit (~> 5.0)
  - FBSDKPlacesKit (5.3.0):
    - FBSDKCoreKit (~> 5.0)
  - FBSDKShareKit (5.6.0):
    - FBSDKShareKit/Share (= 5.6.0)
  - FBSDKShareKit/Share (5.6.0):
    - FBSDKCoreKit (~> 5.0)

DEPENDENCIES:
  - FBSDKCoreKit
  - FBSDKLoginKit
  - FBSDKPlacesKit
  - FBSDKShareKit

SPEC REPOS:
  trunk:
    - FBSDKCoreKit
    - FBSDKLoginKit
    - FBSDKPlacesKit
    - FBSDKShareKit

SPEC CHECKSUMS:
  FBSDKCoreKit: d6655a343868d4bb5c29a60859bab07c3be14a0b
  FBSDKLoginKit: c5a623de88a6b0cda35b35582921f6cec2efcc36
  FBSDKPlacesKit: 0388766304ff7a89630bcc211db9f500d549f403
  FBSDKShareKit: 0d8c4cfd5c1f185d5f9c26d79758b141086e1251

PODFILE CHECKSUM: 2a6b67db307073f262e24afae7b6365ffb9cb606

COCOAPODS: 1.8.0
